
Microsoft Visual Studio Solution File, Format Version 12.00
# Visual Studio 15
VisualStudioVersion = 15.0.26403.7
MinimumVisualStudioVersion = 10.0.40219.1
Project("{FAE04EC0-301F-11D3-BF4B-00C04F79EFBC}") = "DeckOfCards", "DeckOfCards\DeckOfCards.csproj", "{DE1B741F-825A-4851-922A-A58A3A539798}"
EndProject
Project("{FAE04EC0-301F-11D3-BF4B-00C04F79EFBC}") = "DeckOfCards.Tests", "DeckOfCards.Tests\DeckOfCards.Tests.csproj", "{C68CE1B5-9E2B-4832-BB1C-AF51BE473702}"
EndProject
Global
	GlobalSection(SolutionConfigurationPlatforms) = preSolution
		Debug|Any CPU = Debug|Any CPU
		Release|Any CPU = Release|Any CPU
	EndGlobalSection
	GlobalSection(ProjectConfigurationPlatforms) = postSolution
		{DE1B741F-825A-4851-922A-A58A3A539798}.Debug|Any CPU.ActiveCfg = Debug|Any CPU
		{DE1B741F-825A-4851-922A-A58A3A539798}.Debug|Any CPU.Build.0 = Debug|Any CPU
		{DE1B741F-825A-4851-922A-A58A3A539798}.Release|Any CPU.ActiveCfg = Release|Any CPU
		{DE1B741F-825A-4851-922A-A58A3A539798}.Release|Any CPU.Build.0 = Release|Any CPU
		{C68CE1B5-9E2B-4832-BB1C-AF51BE473702}.Debug|Any CPU.ActiveCfg = Debug|Any CPU
		{C68CE1B5-9E2B-4832-BB1C-AF51BE473702}.Debug|Any CPU.Build.0 = Debug|Any CPU
		{C68CE1B5-9E2B-4832-BB1C-AF51BE473702}.Release|Any CPU.ActiveCfg = Release|Any CPU
		{C68CE1B5-9E2B-4832-BB1C-AF51BE473702}.Release|Any CPU.Build.0 = Release|Any CPU
	EndGlobalSection
	GlobalSection(SolutionProperties) = preSolution
		HideSolutionNode = FALSE
	EndGlobalSection
EndGlobal
